
Microsoft Visual Studio Solution File, Format Version 12.00
# Visual Studio Version 16
VisualStudioVersion = 16.0.30114.105
MinimumVisualStudioVersion = 10.0.40219.1
Project("{FAE04EC0-301F-11D3-BF4B-00C04F79EFBC}") = "Server", "Server\Server.csproj", "{838350F7-AC68-497A-946F-FCCE02430829}"
EndProject
Global
	GlobalSection(SolutionConfigurationPlatforms) = preSolution
		Debug|Any CPU = Debug|Any CPU
		Release|Any CPU = Release|Any CPU
	EndGlobalSection
	GlobalSection(ProjectConfigurationPlatforms) = postSolution
		{838350F7-AC68-497A-946F-FCCE02430829}.Debug|Any CPU.ActiveCfg = Debug|Any CPU
		{838350F7-AC68-497A-946F-FCCE02430829}.Debug|Any CPU.Build.0 = Debug|Any CPU
		{838350F7-AC68-497A-946F-FCCE02430829}.Release|Any CPU.ActiveCfg = Release|Any CPU
		{838350F7-AC68-497A-946F-FCCE02430829}.Release|Any CPU.Build.0 = Release|Any CPU
	EndGlobalSection
	GlobalSection(SolutionProperties) = preSolution
		HideSolutionNode = FALSE
	EndGlobalSection
	GlobalSection(ExtensibilityGlobals) = postSolution
		SolutionGuid = {EBBB2A52-B115-421A-90E8-20DDB57E74A3}
	EndGlobalSection
EndGlobal
