
Microsoft Visual Studio Solution File, Format Version 12.00
# Visual Studio Version 16
VisualStudioVersion = 16.0.30114.105
MinimumVisualStudioVersion = 10.0.40219.1
Project("{FAE04EC0-301F-11D3-BF4B-00C04F79EFBC}") = "Client", "Client\Client.csproj", "{DD8C5A86-770F-4B7C-890E-277DD52441F7}"
EndProject
Global
	GlobalSection(SolutionConfigurationPlatforms) = preSolution
		Debug|Any CPU = Debug|Any CPU
		Release|Any CPU = Release|Any CPU
	EndGlobalSection
	GlobalSection(ProjectConfigurationPlatforms) = postSolution
		{DD8C5A86-770F-4B7C-890E-277DD52441F7}.Debug|Any CPU.ActiveCfg = Debug|Any CPU
		{DD8C5A86-770F-4B7C-890E-277DD52441F7}.Debug|Any CPU.Build.0 = Debug|Any CPU
		{DD8C5A86-770F-4B7C-890E-277DD52441F7}.Release|Any CPU.ActiveCfg = Release|Any CPU
		{DD8C5A86-770F-4B7C-890E-277DD52441F7}.Release|Any CPU.Build.0 = Release|Any CPU
	EndGlobalSection
	GlobalSection(SolutionProperties) = preSolution
		HideSolutionNode = FALSE
	EndGlobalSection
	GlobalSection(ExtensibilityGlobals) = postSolution
		SolutionGuid = {D370993D-CA35-4EE6-82A7-E0925436B126}
	EndGlobalSection
EndGlobal
