
Microsoft Visual Studio Solution File, Format Version 12.00
# Visual Studio Version 16
VisualStudioVersion = 16.0.30114.105
MinimumVisualStudioVersion = 10.0.40219.1
Project("{FAE04EC0-301F-11D3-BF4B-00C04F79EFBC}") = "day4_1", "day4_1\day4_1.csproj", "{696849C2-B7F6-414D-A132-67C3E31ABDD4}"
EndProject
Global
	GlobalSection(SolutionConfigurationPlatforms) = preSolution
		Debug|Any CPU = Debug|Any CPU
		Release|Any CPU = Release|Any CPU
	EndGlobalSection
	GlobalSection(ProjectConfigurationPlatforms) = postSolution
		{696849C2-B7F6-414D-A132-67C3E31ABDD4}.Debug|Any CPU.ActiveCfg = Debug|Any CPU
		{696849C2-B7F6-414D-A132-67C3E31ABDD4}.Debug|Any CPU.Build.0 = Debug|Any CPU
		{696849C2-B7F6-414D-A132-67C3E31ABDD4}.Release|Any CPU.ActiveCfg = Release|Any CPU
		{696849C2-B7F6-414D-A132-67C3E31ABDD4}.Release|Any CPU.Build.0 = Release|Any CPU
	EndGlobalSection
	GlobalSection(SolutionProperties) = preSolution
		HideSolutionNode = FALSE
	EndGlobalSection
	GlobalSection(ExtensibilityGlobals) = postSolution
		SolutionGuid = {81ED62AA-0DDC-46FF-AFF5-B4C467A9878C}
	EndGlobalSection
EndGlobal
